
Microsoft Visual Studio Solution File, Format Version 12.00
# Visual Studio Version 16
VisualStudioVersion = 16.0.32407.337
MinimumVisualStudioVersion = 10.0.40219.1
Project("{2150E333-8FDC-42A3-9474-1A3956D46DE8}") = "Core", "Core", "{3D5820FD-8B2A-49EC-8923-2F2D3DB2BA57}"
EndProject
Project("{2150E333-8FDC-42A3-9474-1A3956D46DE8}") = "Infrastructure", "Infrastructure", "{5AD2224C-0078-42C9-A641-BD65CDEF5449}"
EndProject
Project("{2150E333-8FDC-42A3-9474-1A3956D46DE8}") = "Presentation", "Presentation", "{E69F6EB4-56DB-445E-B67E-764CAEAC1E80}"
EndProject
Project("{2150E333-8FDC-42A3-9474-1A3956D46DE8}") = "Tests", "Tests", "{BD1D357E-750C-4141-82D4-ED5DA5B430D2}"
EndProject
Project("{9A19103F-16F7-4668-BE54-9A1E7A4F7556}") = "Notes.Domain", "Notes.Domain\Notes.Domain.csproj", "{B809275D-4E05-4066-9EFE-DEBF29A63AA5}"
EndProject
Project("{9A19103F-16F7-4668-BE54-9A1E7A4F7556}") = "Notes.Application", "Notes.Application\Notes.Application.csproj", "{8730A3CA-F560-42EF-AC3A-9813DEB520ED}"
EndProject
Project("{9A19103F-16F7-4668-BE54-9A1E7A4F7556}") = "Notes.Persistent", "Notes.Persistent\Notes.Persistent.csproj", "{9F40869C-BA3E-4558-9AD0-046C69BA4073}"
EndProject
Project("{9A19103F-16F7-4668-BE54-9A1E7A4F7556}") = "Notes.WebApi", "Notes.WebApi\Notes.WebApi.csproj", "{9338DD3A-165C-48C6-9226-B546B5E1160F}"
EndProject
Project("{FAE04EC0-301F-11D3-BF4B-00C04F79EFBC}") = "Notes.Tests", "Notes.Tests\Notes.Tests.csproj", "{6B44BAB6-648F-49B8-AEE4-327AEEF65B40}"
EndProject
Global
	GlobalSection(SolutionConfigurationPlatforms) = preSolution
		Debug|Any CPU = Debug|Any CPU
		Release|Any CPU = Release|Any CPU
	EndGlobalSection
	GlobalSection(ProjectConfigurationPlatforms) = postSolution
		{B809275D-4E05-4066-9EFE-DEBF29A63AA5}.Debug|Any CPU.ActiveCfg = Debug|Any CPU
		{B809275D-4E05-4066-9EFE-DEBF29A63AA5}.Debug|Any CPU.Build.0 = Debug|Any CPU
		{B809275D-4E05-4066-9EFE-DEBF29A63AA5}.Release|Any CPU.ActiveCfg = Release|Any CPU
		{B809275D-4E05-4066-9EFE-DEBF29A63AA5}.Release|Any CPU.Build.0 = Release|Any CPU
		{8730A3CA-F560-42EF-AC3A-9813DEB520ED}.Debug|Any CPU.ActiveCfg = Debug|Any CPU
		{8730A3CA-F560-42EF-AC3A-9813DEB520ED}.Debug|Any CPU.Build.0 = Debug|Any CPU
		{8730A3CA-F560-42EF-AC3A-9813DEB520ED}.Release|Any CPU.ActiveCfg = Release|Any CPU
		{8730A3CA-F560-42EF-AC3A-9813DEB520ED}.Release|Any CPU.Build.0 = Release|Any CPU
		{9F40869C-BA3E-4558-9AD0-046C69BA4073}.Debug|Any CPU.ActiveCfg = Debug|Any CPU
		{9F40869C-BA3E-4558-9AD0-046C69BA4073}.Debug|Any CPU.Build.0 = Debug|Any CPU
		{9F40869C-BA3E-4558-9AD0-046C69BA4073}.Release|Any CPU.ActiveCfg = Release|Any CPU
		{9F40869C-BA3E-4558-9AD0-046C69BA4073}.Release|Any CPU.Build.0 = Release|Any CPU
		{9338DD3A-165C-48C6-9226-B546B5E1160F}.Debug|Any CPU.ActiveCfg = Debug|Any CPU
		{9338DD3A-165C-48C6-9226-B546B5E1160F}.Debug|Any CPU.Build.0 = Debug|Any CPU
		{9338DD3A-165C-48C6-9226-B546B5E1160F}.Release|Any CPU.ActiveCfg = Release|Any CPU
		{9338DD3A-165C-48C6-9226-B546B5E1160F}.Release|Any CPU.Build.0 = Release|Any CPU
		{6B44BAB6-648F-49B8-AEE4-327AEEF65B40}.Debug|Any CPU.ActiveCfg = Debug|Any CPU
		{6B44BAB6-648F-49B8-AEE4-327AEEF65B40}.Debug|Any CPU.Build.0 = Debug|Any CPU
		{6B44BAB6-648F-49B8-AEE4-327AEEF65B40}.Release|Any CPU.ActiveCfg = Release|Any CPU
		{6B44BAB6-648F-49B8-AEE4-327AEEF65B40}.Release|Any CPU.Build.0 = Release|Any CPU
	EndGlobalSection
	GlobalSection(SolutionProperties) = preSolution
		HideSolutionNode = FALSE
	EndGlobalSection
	GlobalSection(NestedProjects) = preSolution
		{B809275D-4E05-4066-9EFE-DEBF29A63AA5} = {3D5820FD-8B2A-49EC-8923-2F2D3DB2BA57}
		{8730A3CA-F560-42EF-AC3A-9813DEB520ED} = {3D5820FD-8B2A-49EC-8923-2F2D3DB2BA57}
		{9F40869C-BA3E-4558-9AD0-046C69BA4073} = {5AD2224C-0078-42C9-A641-BD65CDEF5449}
		{9338DD3A-165C-48C6-9226-B546B5E1160F} = {E69F6EB4-56DB-445E-B67E-764CAEAC1E80}
		{6B44BAB6-648F-49B8-AEE4-327AEEF65B40} = {BD1D357E-750C-4141-82D4-ED5DA5B430D2}
	EndGlobalSection
	GlobalSection(ExtensibilityGlobals) = postSolution
		SolutionGuid = {00C05980-D8D4-4496-BDAE-6577036F805E}
	EndGlobalSection
EndGlobal
